// !$*UTF8*$!
{
	archiveVersion = 1;
	classes = {
	};
	objectVersion = 56;
	objects = {

/* Begin PBXBuildFile section */
		A5A4543F2B2E1E9400AB57C2 /* AppDelegate.swift in Sources */ = {isa = PBXBuildFile; fileRef = A5A4543E2B2E1E9400AB57C2 /* AppDelegate.swift */; };
		A5A454412B2E1E9400AB57C2 /* SceneDelegate.swift in Sources */ = {isa = PBXBuildFile; fileRef = A5A454402B2E1E9400AB57C2 /* SceneDelegate.swift */; };
		A5A454482B2E1E9500AB57C2 /* Assets.xcassets in Resources */ = {isa = PBXBuildFile; fileRef = A5A454472B2E1E9500AB57C2 /* Assets.xcassets */; };
		A5A4544B2B2E1E9500AB57C2 /* LaunchScreen.storyboard in Resources */ = {isa = PBXBuildFile; fileRef = A5A454492B2E1E9500AB57C2 /* LaunchScreen.storyboard */; };
		A5A454542B2E206500AB57C2 /* Dependencies.swift in Sources */ = {isa = PBXBuildFile; fileRef = A5A454532B2E206500AB57C2 /* Dependencies.swift */; };
		A5A454572B2E209000AB57C2 /* ApiProvider.swift in Sources */ = {isa = PBXBuildFile; fileRef = A5A454562B2E209000AB57C2 /* ApiProvider.swift */; };
		A5A454592B2E22AC00AB57C2 /* ApiKey.swift in Sources */ = {isa = PBXBuildFile; fileRef = A5A454582B2E22AC00AB57C2 /* ApiKey.swift */; };
		A5A4545B2B2E22C900AB57C2 /* Endpoints.swift in Sources */ = {isa = PBXBuildFile; fileRef = A5A4545A2B2E22C900AB57C2 /* Endpoints.swift */; };
		A5A4545F2B2E236D00AB57C2 /* Movies.swift in Sources */ = {isa = PBXBuildFile; fileRef = A5A4545E2B2E236D00AB57C2 /* Movies.swift */; };
		A5A454612B2E238100AB57C2 /* Details.swift in Sources */ = {isa = PBXBuildFile; fileRef = A5A454602B2E238100AB57C2 /* Details.swift */; };
		A5A454662B2E244400AB57C2 /* MoviesVC.swift in Sources */ = {isa = PBXBuildFile; fileRef = A5A454652B2E244400AB57C2 /* MoviesVC.swift */; };
		A5A454682B2E245E00AB57C2 /* DetailsVC.swift in Sources */ = {isa = PBXBuildFile; fileRef = A5A454672B2E245E00AB57C2 /* DetailsVC.swift */; };
		A5A4546A2B2E247400AB57C2 /* MoviesView.swift in Sources */ = {isa = PBXBuildFile; fileRef = A5A454692B2E247400AB57C2 /* MoviesView.swift */; };
		A5A4546C2B2E249000AB57C2 /* MoviesCell.swift in Sources */ = {isa = PBXBuildFile; fileRef = A5A4546B2B2E249000AB57C2 /* MoviesCell.swift */; };
		A5A4546E2B2E24AA00AB57C2 /* DetailsView.swift in Sources */ = {isa = PBXBuildFile; fileRef = A5A4546D2B2E24AA00AB57C2 /* DetailsView.swift */; };
		A5A454702B2E24C800AB57C2 /* MoviesPresenter.swift in Sources */ = {isa = PBXBuildFile; fileRef = A5A4546F2B2E24C800AB57C2 /* MoviesPresenter.swift */; };
		A5A454722B2E24DA00AB57C2 /* DetailsPresenter.swift in Sources */ = {isa = PBXBuildFile; fileRef = A5A454712B2E24DA00AB57C2 /* DetailsPresenter.swift */; };
		A5A454742B2E259200AB57C2 /* Extensions.swift in Sources */ = {isa = PBXBuildFile; fileRef = A5A454732B2E259200AB57C2 /* Extensions.swift */; };
/* End PBXBuildFile section */

/* Begin PBXFileReference section */
		A5A4543B2B2E1E9400AB57C2 /* movies_uikit_mvp.app */ = {isa = PBXFileReference; explicitFileType = wrapper.application; includeInIndex = 0; path = movies_uikit_mvp.app; sourceTree = BUILT_PRODUCTS_DIR; };
		A5A4543E2B2E1E9400AB57C2 /* AppDelegate.swift */ = {isa = PBXFileReference; lastKnownFileType = sourcecode.swift; path = AppDelegate.swift; sourceTree = "<group>"; };
		A5A454402B2E1E9400AB57C2 /* SceneDelegate.swift */ = {isa = PBXFileReference; lastKnownFileType = sourcecode.swift; path = SceneDelegate.swift; sourceTree = "<group>"; };
		A5A454472B2E1E9500AB57C2 /* Assets.xcassets */ = {isa = PBXFileReference; lastKnownFileType = folder.assetcatalog; path = Assets.xcassets; sourceTree = "<group>"; };
		A5A4544A2B2E1E9500AB57C2 /* Base */ = {isa = PBXFileReference; lastKnownFileType = file.storyboard; name = Base; path = Base.lproj/LaunchScreen.storyboard; sourceTree = "<group>"; };
		A5A4544C2B2E1E9500AB57C2 /* Info.plist */ = {isa = PBXFileReference; lastKnownFileType = text.plist.xml; path = Info.plist; sourceTree = "<group>"; };
		A5A454532B2E206500AB57C2 /* Dependencies.swift */ = {isa = PBXFileReference; lastKnownFileType = sourcecode.swift; path = Dependencies.swift; sourceTree = "<group>"; };
		A5A454562B2E209000AB57C2 /* ApiProvider.swift */ = {isa = PBXFileReference; lastKnownFileType = sourcecode.swift; path = ApiProvider.swift; sourceTree = "<group>"; };
		A5A454582B2E22AC00AB57C2 /* ApiKey.swift */ = {isa = PBXFileReference; lastKnownFileType = sourcecode.swift; path = ApiKey.swift; sourceTree = "<group>"; };
		A5A4545A2B2E22C900AB57C2 /* Endpoints.swift */ = {isa = PBXFileReference; lastKnownFileType = sourcecode.swift; path = Endpoints.swift; sourceTree = "<group>"; };
		A5A4545E2B2E236D00AB57C2 /* Movies.swift */ = {isa = PBXFileReference; lastKnownFileType = sourcecode.swift; path = Movies.swift; sourceTree = "<group>"; };
		A5A454602B2E238100AB57C2 /* Details.swift */ = {isa = PBXFileReference; lastKnownFileType = sourcecode.swift; path = Details.swift; sourceTree = "<group>"; };
		A5A454652B2E244400AB57C2 /* MoviesVC.swift */ = {isa = PBXFileReference; lastKnownFileType = sourcecode.swift; path = MoviesVC.swift; sourceTree = "<group>"; };
		A5A454672B2E245E00AB57C2 /* DetailsVC.swift */ = {isa = PBXFileReference; lastKnownFileType = sourcecode.swift; path = DetailsVC.swift; sourceTree = "<group>"; };
		A5A454692B2E247400AB57C2 /* MoviesView.swift */ = {isa = PBXFileReference; lastKnownFileType = sourcecode.swift; path = MoviesView.swift; sourceTree = "<group>"; };
		A5A4546B2B2E249000AB57C2 /* MoviesCell.swift */ = {isa = PBXFileReference; lastKnownFileType = sourcecode.swift; path = MoviesCell.swift; sourceTree = "<group>"; };
		A5A4546D2B2E24AA00AB57C2 /* DetailsView.swift */ = {isa = PBXFileReference; lastKnownFileType = sourcecode.swift; path = DetailsView.swift; sourceTree = "<group>"; };
		A5A4546F2B2E24C800AB57C2 /* MoviesPresenter.swift */ = {isa = PBXFileReference; lastKnownFileType = sourcecode.swift; path = MoviesPresenter.swift; sourceTree = "<group>"; };
		A5A454712B2E24DA00AB57C2 /* DetailsPresenter.swift */ = {isa = PBXFileReference; lastKnownFileType = sourcecode.swift; path = DetailsPresenter.swift; sourceTree = "<group>"; };
		A5A454732B2E259200AB57C2 /* Extensions.swift */ = {isa = PBXFileReference; lastKnownFileType = sourcecode.swift; path = Extensions.swift; sourceTree = "<group>"; };
/* End PBXFileReference section */

/* Begin PBXFrameworksBuildPhase section */
		A5A454382B2E1E9400AB57C2 /* Frameworks */ = {
			isa = PBXFrameworksBuildPhase;
			buildActionMask = 2147483647;
			files = (
			);
			runOnlyForDeploymentPostprocessing = 0;
		};
/* End PBXFrameworksBuildPhase section */

/* Begin PBXGroup section */
		A5A454322B2E1E9400AB57C2 = {
			isa = PBXGroup;
			children = (
				A5A4543D2B2E1E9400AB57C2 /* movies_uikit_mvp */,
				A5A4543C2B2E1E9400AB57C2 /* Products */,
			);
			sourceTree = "<group>";
		};
		A5A4543C2B2E1E9400AB57C2 /* Products */ = {
			isa = PBXGroup;
			children = (
				A5A4543B2B2E1E9400AB57C2 /* movies_uikit_mvp.app */,
			);
			name = Products;
			sourceTree = "<group>";
		};
		A5A4543D2B2E1E9400AB57C2 /* movies_uikit_mvp */ = {
			isa = PBXGroup;
			children = (
				A5A4545C2B2E22E700AB57C2 /* Resources */,
				A5A454522B2E205700AB57C2 /* Dependencies */,
				A5A454552B2E207800AB57C2 /* Services */,
				A5A4545D2B2E232200AB57C2 /* Models */,
				A5A454622B2E23B900AB57C2 /* Controllers */,
				A5A454642B2E23D900AB57C2 /* Presenters */,
				A5A454632B2E23C900AB57C2 /* Views */,
				A5A4544C2B2E1E9500AB57C2 /* Info.plist */,
			);
			path = movies_uikit_mvp;
			sourceTree = "<group>";
		};
		A5A454522B2E205700AB57C2 /* Dependencies */ = {
			isa = PBXGroup;
			children = (
				A5A454532B2E206500AB57C2 /* Dependencies.swift */,
			);
			path = Dependencies;
			sourceTree = "<group>";
		};
		A5A454552B2E207800AB57C2 /* Services */ = {
			isa = PBXGroup;
			children = (
				A5A454562B2E209000AB57C2 /* ApiProvider.swift */,
				A5A454582B2E22AC00AB57C2 /* ApiKey.swift */,
				A5A4545A2B2E22C900AB57C2 /* Endpoints.swift */,
			);
			path = Services;
			sourceTree = "<group>";
		};
		A5A4545C2B2E22E700AB57C2 /* Resources */ = {
			isa = PBXGroup;
			children = (
				A5A4543E2B2E1E9400AB57C2 /* AppDelegate.swift */,
				A5A454402B2E1E9400AB57C2 /* SceneDelegate.swift */,
				A5A454732B2E259200AB57C2 /* Extensions.swift */,
				A5A454472B2E1E9500AB57C2 /* Assets.xcassets */,
				A5A454492B2E1E9500AB57C2 /* LaunchScreen.storyboard */,
			);
			path = Resources;
			sourceTree = "<group>";
		};
		A5A4545D2B2E232200AB57C2 /* Models */ = {
			isa = PBXGroup;
			children = (
				A5A4545E2B2E236D00AB57C2 /* Movies.swift */,
				A5A454602B2E238100AB57C2 /* Details.swift */,
			);
			path = Models;
			sourceTree = "<group>";
		};
		A5A454622B2E23B900AB57C2 /* Controllers */ = {
			isa = PBXGroup;
			children = (
				A5A454652B2E244400AB57C2 /* MoviesVC.swift */,
				A5A454672B2E245E00AB57C2 /* DetailsVC.swift */,
			);
			path = Controllers;
			sourceTree = "<group>";
		};
		A5A454632B2E23C900AB57C2 /* Views */ = {
			isa = PBXGroup;
			children = (
				A5A454692B2E247400AB57C2 /* MoviesView.swift */,
				A5A4546B2B2E249000AB57C2 /* MoviesCell.swift */,
				A5A4546D2B2E24AA00AB57C2 /* DetailsView.swift */,
			);
			path = Views;
			sourceTree = "<group>";
		};
		A5A454642B2E23D900AB57C2 /* Presenters */ = {
			isa = PBXGroup;
			children = (
				A5A4546F2B2E24C800AB57C2 /* MoviesPresenter.swift */,
				A5A454712B2E24DA00AB57C2 /* DetailsPresenter.swift */,
			);
			path = Presenters;
			sourceTree = "<group>";
		};
/* End PBXGroup section */

/* Begin PBXNativeTarget section */
		A5A4543A2B2E1E9400AB57C2 /* movies_uikit_mvp */ = {
			isa = PBXNativeTarget;
			buildConfigurationList = A5A4544F2B2E1E9500AB57C2 /* Build configuration list for PBXNativeTarget "movies_uikit_mvp" */;
			buildPhases = (
				A5A454372B2E1E9400AB57C2 /* Sources */,
				A5A454382B2E1E9400AB57C2 /* Frameworks */,
				A5A454392B2E1E9400AB57C2 /* Resources */,
			);
			buildRules = (
			);
			dependencies = (
			);
			name = movies_uikit_mvp;
			productName = movies_uikit_mvp;
			productReference = A5A4543B2B2E1E9400AB57C2 /* movies_uikit_mvp.app */;
			productType = "com.apple.product-type.application";
		};
/* End PBXNativeTarget section */

/* Begin PBXProject section */
		A5A454332B2E1E9400AB57C2 /* Project object */ = {
			isa = PBXProject;
			attributes = {
				BuildIndependentTargetsInParallel = 1;
				LastSwiftUpdateCheck = 1500;
				LastUpgradeCheck = 1500;
				TargetAttributes = {
					A5A4543A2B2E1E9400AB57C2 = {
						CreatedOnToolsVersion = 15.0.1;
					};
				};
			};
			buildConfigurationList = A5A454362B2E1E9400AB57C2 /* Build configuration list for PBXProject "movies_uikit_mvp" */;
			compatibilityVersion = "Xcode 14.0";
			developmentRegion = en;
			hasScannedForEncodings = 0;
			knownRegions = (
				en,
				Base,
			);
			mainGroup = A5A454322B2E1E9400AB57C2;
			productRefGroup = A5A4543C2B2E1E9400AB57C2 /* Products */;
			projectDirPath = "";
			projectRoot = "";
			targets = (
				A5A4543A2B2E1E9400AB57C2 /* movies_uikit_mvp */,
			);
		};
/* End PBXProject section */

/* Begin PBXResourcesBuildPhase section */
		A5A454392B2E1E9400AB57C2 /* Resources */ = {
			isa = PBXResourcesBuildPhase;
			buildActionMask = 2147483647;
			files = (
				A5A4544B2B2E1E9500AB57C2 /* LaunchScreen.storyboard in Resources */,
				A5A454482B2E1E9500AB57C2 /* Assets.xcassets in Resources */,
			);
			runOnlyForDeploymentPostprocessing = 0;
		};
/* End PBXResourcesBuildPhase section */

/* Begin PBXSourcesBuildPhase section */
		A5A454372B2E1E9400AB57C2 /* Sources */ = {
			isa = PBXSourcesBuildPhase;
			buildActionMask = 2147483647;
			files = (
				A5A4545F2B2E236D00AB57C2 /* Movies.swift in Sources */,
				A5A454542B2E206500AB57C2 /* Dependencies.swift in Sources */,
				A5A454722B2E24DA00AB57C2 /* DetailsPresenter.swift in Sources */,
				A5A4546A2B2E247400AB57C2 /* MoviesView.swift in Sources */,
				A5A454662B2E244400AB57C2 /* MoviesVC.swift in Sources */,
				A5A454572B2E209000AB57C2 /* ApiProvider.swift in Sources */,
				A5A4545B2B2E22C900AB57C2 /* Endpoints.swift in Sources */,
				A5A4546E2B2E24AA00AB57C2 /* DetailsView.swift in Sources */,
				A5A454702B2E24C800AB57C2 /* MoviesPresenter.swift in Sources */,
				A5A4543F2B2E1E9400AB57C2 /* AppDelegate.swift in Sources */,
				A5A454592B2E22AC00AB57C2 /* ApiKey.swift in Sources */,
				A5A454742B2E259200AB57C2 /* Extensions.swift in Sources */,
				A5A454612B2E238100AB57C2 /* Details.swift in Sources */,
				A5A454412B2E1E9400AB57C2 /* SceneDelegate.swift in Sources */,
				A5A4546C2B2E249000AB57C2 /* MoviesCell.swift in Sources */,
				A5A454682B2E245E00AB57C2 /* DetailsVC.swift in Sources */,
			);
			runOnlyForDeploymentPostprocessing = 0;
		};
/* End PBXSourcesBuildPhase section */

/* Begin PBXVariantGroup section */
		A5A454492B2E1E9500AB57C2 /* LaunchScreen.storyboard */ = {
			isa = PBXVariantGroup;
			children = (
				A5A4544A2B2E1E9500AB57C2 /* Base */,
			);
			name = LaunchScreen.storyboard;
			sourceTree = "<group>";
		};
/* End PBXVariantGroup section */

/* Begin XCBuildConfiguration section */
		A5A4544D2B2E1E9500AB57C2 /* Debug */ = {
			isa = XCBuildConfiguration;
			buildSettings = {
				ALWAYS_SEARCH_USER_PATHS = NO;
				ASSETCATALOG_COMPILER_GENERATE_SWIFT_ASSET_SYMBOL_EXTENSIONS = YES;
				CLANG_ANALYZER_NONNULL = YES;
				CLANG_ANALYZER_NUMBER_OBJECT_CONVERSION = YES_AGGRESSIVE;
				CLANG_CXX_LANGUAGE_STANDARD = "gnu++20";
				CLANG_ENABLE_MODULES = YES;
				CLANG_ENABLE_OBJC_ARC = YES;
				CLANG_ENABLE_OBJC_WEAK = YES;
				CLANG_WARN_BLOCK_CAPTURE_AUTORELEASING = YES;
				CLANG_WARN_BOOL_CONVERSION = YES;
				CLANG_WARN_COMMA = YES;
				CLANG_WARN_CONSTANT_CONVERSION = YES;
				CLANG_WARN_DEPRECATED_OBJC_IMPLEMENTATIONS = YES;
				CLANG_WARN_DIRECT_OBJC_ISA_USAGE = YES_ERROR;
				CLANG_WARN_DOCUMENTATION_COMMENTS = YES;
				CLANG_WARN_EMPTY_BODY = YES;
				CLANG_WARN_ENUM_CONVERSION = YES;
				CLANG_WARN_INFINITE_RECURSION = YES;
				CLANG_WARN_INT_CONVERSION = YES;
				CLANG_WARN_NON_LITERAL_NULL_CONVERSION = YES;
				CLANG_WARN_OBJC_IMPLICIT_RETAIN_SELF = YES;
				CLANG_WARN_OBJC_LITERAL_CONVERSION = YES;
				CLANG_WARN_OBJC_ROOT_CLASS = YES_ERROR;
				CLANG_WARN_QUOTED_INCLUDE_IN_FRAMEWORK_HEADER = YES;
				CLANG_WARN_RANGE_LOOP_ANALYSIS = YES;
				CLANG_WARN_STRICT_PROTOTYPES = YES;
				CLANG_WARN_SUSPICIOUS_MOVE = YES;
				CLANG_WARN_UNGUARDED_AVAILABILITY = YES_AGGRESSIVE;
				CLANG_WARN_UNREACHABLE_CODE = YES;
				CLANG_WARN__DUPLICATE_METHOD_MATCH = YES;
				COPY_PHASE_STRIP = NO;
				DEBUG_INFORMATION_FORMAT = dwarf;
				ENABLE_STRICT_OBJC_MSGSEND = YES;
				ENABLE_TESTABILITY = YES;
				ENABLE_USER_SCRIPT_SANDBOXING = YES;
				GCC_C_LANGUAGE_STANDARD = gnu17;
				GCC_DYNAMIC_NO_PIC = NO;
				GCC_NO_COMMON_BLOCKS = YES;
				GCC_OPTIMIZATION_LEVEL = 0;
				GCC_PREPROCESSOR_DEFINITIONS = (
					"DEBUG=1",
					"$(inherited)",
				);
				GCC_WARN_64_TO_32_BIT_CONVERSION = YES;
				GCC_WARN_ABOUT_RETURN_TYPE = YES_ERROR;
				GCC_WARN_UNDECLARED_SELECTOR = YES;
				GCC_WARN_UNINITIALIZED_AUTOS = YES_AGGRESSIVE;
				GCC_WARN_UNUSED_FUNCTION = YES;
				GCC_WARN_UNUSED_VARIABLE = YES;
				IPHONEOS_DEPLOYMENT_TARGET = 17.0;
				LOCALIZATION_PREFERS_STRING_CATALOGS = YES;
				MTL_ENABLE_DEBUG_INFO = INCLUDE_SOURCE;
				MTL_FAST_MATH = YES;
				ONLY_ACTIVE_ARCH = YES;
				SDKROOT = iphoneos;
				SWIFT_ACTIVE_COMPILATION_CONDITIONS = "DEBUG $(inherited)";
				SWIFT_OPTIMIZATION_LEVEL = "-Onone";
			};
			name = Debug;
		};
		A5A4544E2B2E1E9500AB57C2 /* Release */ = {
			isa = XCBuildConfiguration;
			buildSettings = {
				ALWAYS_SEARCH_USER_PATHS = NO;
				ASSETCATALOG_COMPILER_GENERATE_SWIFT_ASSET_SYMBOL_EXTENSIONS = YES;
				CLANG_ANALYZER_NONNULL = YES;
				CLANG_ANALYZER_NUMBER_OBJECT_CONVERSION = YES_AGGRESSIVE;
				CLANG_CXX_LANGUAGE_STANDARD = "gnu++20";
				CLANG_ENABLE_MODULES = YES;
				CLANG_ENABLE_OBJC_ARC = YES;
				CLANG_ENABLE_OBJC_WEAK = YES;
				CLANG_WARN_BLOCK_CAPTURE_AUTORELEASING = YES;
				CLANG_WARN_BOOL_CONVERSION = YES;
				CLANG_WARN_COMMA = YES;
				CLANG_WARN_CONSTANT_CONVERSION = YES;
				CLANG_WARN_DEPRECATED_OBJC_IMPLEMENTATIONS = YES;
				CLANG_WARN_DIRECT_OBJC_ISA_USAGE = YES_ERROR;
				CLANG_WARN_DOCUMENTATION_COMMENTS = YES;
				CLANG_WARN_EMPTY_BODY = YES;
				CLANG_WARN_ENUM_CONVERSION = YES;
				CLANG_WARN_INFINITE_RECURSION = YES;
				CLANG_WARN_INT_CONVERSION = YES;
				CLANG_WARN_NON_LITERAL_NULL_CONVERSION = YES;
				CLANG_WARN_OBJC_IMPLICIT_RETAIN_SELF = YES;
				CLANG_WARN_OBJC_LITERAL_CONVERSION = YES;
				CLANG_WARN_OBJC_ROOT_CLASS = YES_ERROR;
				CLANG_WARN_QUOTED_INCLUDE_IN_FRAMEWORK_HEADER = YES;
				CLANG_WARN_RANGE_LOOP_ANALYSIS = YES;
				CLANG_WARN_STRICT_PROTOTYPES = YES;
				CLANG_WARN_SUSPICIOUS_MOVE = YES;
				CLANG_WARN_UNGUARDED_AVAILABILITY = YES_AGGRESSIVE;
				CLANG_WARN_UNREACHABLE_CODE = YES;
				CLANG_WARN__DUPLICATE_METHOD_MATCH = YES;
				COPY_PHASE_STRIP = NO;
				DEBUG_INFORMATION_FORMAT = "dwarf-with-dsym";
				ENABLE_NS_ASSERTIONS = NO;
				ENABLE_STRICT_OBJC_MSGSEND = YES;
				ENABLE_USER_SCRIPT_SANDBOXING = YES;
				GCC_C_LANGUAGE_STANDARD = gnu17;
				GCC_NO_COMMON_BLOCKS = YES;
				GCC_WARN_64_TO_32_BIT_CONVERSION = YES;
				GCC_WARN_ABOUT_RETURN_TYPE = YES_ERROR;
				GCC_WARN_UNDECLARED_SELECTOR = YES;
				GCC_WARN_UNINITIALIZED_AUTOS = YES_AGGRESSIVE;
				GCC_WARN_UNUSED_FUNCTION = YES;
				GCC_WARN_UNUSED_VARIABLE = YES;
				IPHONEOS_DEPLOYMENT_TARGET = 17.0;
				LOCALIZATION_PREFERS_STRING_CATALOGS = YES;
				MTL_ENABLE_DEBUG_INFO = NO;
				MTL_FAST_MATH = YES;
				SDKROOT = iphoneos;
				SWIFT_COMPILATION_MODE = wholemodule;
				VALIDATE_PRODUCT = YES;
			};
			name = Release;
		};
		A5A454502B2E1E9500AB57C2 /* Debug */ = {
			isa = XCBuildConfiguration;
			buildSettings = {
				ASSETCATALOG_COMPILER_APPICON_NAME = AppIcon;
				ASSETCATALOG_COMPILER_GLOBAL_ACCENT_COLOR_NAME = AccentColor;
				CODE_SIGN_STYLE = Automatic;
				CURRENT_PROJECT_VERSION = 1;
				GENERATE_INFOPLIST_FILE = YES;
				INFOPLIST_FILE = movies_uikit_mvp/Info.plist;
				INFOPLIST_KEY_UIApplicationSupportsIndirectInputEvents = YES;
				INFOPLIST_KEY_UILaunchStoryboardName = LaunchScreen;
				INFOPLIST_KEY_UISupportedInterfaceOrientations_iPad = "UIInterfaceOrientationPortrait UIInterfaceOrientationPortraitUpsideDown UIInterfaceOrientationLandscapeLeft UIInterfaceOrientationLandscapeRight";
				INFOPLIST_KEY_UISupportedInterfaceOrientations_iPhone = "UIInterfaceOrientationPortrait UIInterfaceOrientationLandscapeLeft UIInterfaceOrientationLandscapeRight";
				LD_RUNPATH_SEARCH_PATHS = (
					"$(inherited)",
					"@executable_path/Frameworks",
				);
				MARKETING_VERSION = 1.0;
				PRODUCT_BUNDLE_IDENTIFIER = "com.example.movies-uikit-mvp";
				PRODUCT_NAME = "$(TARGET_NAME)";
				SUPPORTED_PLATFORMS = "iphoneos iphonesimulator";
				SUPPORTS_MACCATALYST = NO;
				SUPPORTS_MAC_DESIGNED_FOR_IPHONE_IPAD = NO;
				SWIFT_EMIT_LOC_STRINGS = YES;
				SWIFT_VERSION = 5.0;
				TARGETED_DEVICE_FAMILY = 1;
			};
			name = Debug;
		};
		A5A454512B2E1E9500AB57C2 /* Release */ = {
			isa = XCBuildConfiguration;
			buildSettings = {
				ASSETCATALOG_COMPILER_APPICON_NAME = AppIcon;
				ASSETCATALOG_COMPILER_GLOBAL_ACCENT_COLOR_NAME = AccentColor;
				CODE_SIGN_STYLE = Automatic;
				CURRENT_PROJECT_VERSION = 1;
				GENERATE_INFOPLIST_FILE = YES;
				INFOPLIST_FILE = movies_uikit_mvp/Info.plist;
				INFOPLIST_KEY_UIApplicationSupportsIndirectInputEvents = YES;
				INFOPLIST_KEY_UILaunchStoryboardName = LaunchScreen;
				INFOPLIST_KEY_UISupportedInterfaceOrientations_iPad = "UIInterfaceOrientationPortrait UIInterfaceOrientationPortraitUpsideDown UIInterfaceOrientationLandscapeLeft UIInterfaceOrientationLandscapeRight";
				INFOPLIST_KEY_UISupportedInterfaceOrientations_iPhone = "UIInterfaceOrientationPortrait UIInterfaceOrientationLandscapeLeft UIInterfaceOrientationLandscapeRight";
				LD_RUNPATH_SEARCH_PATHS = (
					"$(inherited)",
					"@executable_path/Frameworks",
				);
				MARKETING_VERSION = 1.0;
				PRODUCT_BUNDLE_IDENTIFIER = "com.example.movies-uikit-mvp";
				PRODUCT_NAME = "$(TARGET_NAME)";
				SUPPORTED_PLATFORMS = "iphoneos iphonesimulator";
				SUPPORTS_MACCATALYST = NO;
				SUPPORTS_MAC_DESIGNED_FOR_IPHONE_IPAD = NO;
				SWIFT_EMIT_LOC_STRINGS = YES;
				SWIFT_VERSION = 5.0;
				TARGETED_DEVICE_FAMILY = 1;
			};
			name = Release;
		};
/* End XCBuildConfiguration section */

/* Begin XCConfigurationList section */
		A5A454362B2E1E9400AB57C2 /* Build configuration list for PBXProject "movies_uikit_mvp" */ = {
			isa = XCConfigurationList;
			buildConfigurations = (
				A5A4544D2B2E1E9500AB57C2 /* Debug */,
				A5A4544E2B2E1E9500AB57C2 /* Release */,
			);
			defaultConfigurationIsVisible = 0;
			defaultConfigurationName = Release;
		};
		A5A4544F2B2E1E9500AB57C2 /* Build configuration list for PBXNativeTarget "movies_uikit_mvp" */ = {
			isa = XCConfigurationList;
			buildConfigurations = (
				A5A454502B2E1E9500AB57C2 /* Debug */,
				A5A454512B2E1E9500AB57C2 /* Release */,
			);
			defaultConfigurationIsVisible = 0;
			defaultConfigurationName = Release;
		};
/* End XCConfigurationList section */
	};
	rootObject = A5A454332B2E1E9400AB57C2 /* Project object */;
}
